
Microsoft Visual Studio Solution File, Format Version 12.00
# Visual Studio Version 17
VisualStudioVersion = 17.5.2.0
MinimumVisualStudioVersion = 10.0.40219.1
Project("{2150E333-8FDC-42A3-9474-1A3956D46DE8}") = "endpoint", "endpoint", "{4261DAAD-FCC1-FBE7-6AFC-E6D0506F19E4}"
EndProject
Project("{2150E333-8FDC-42A3-9474-1A3956D46DE8}") = "Configuration.Export", "Configuration.Export", "{3CF78F60-224F-FC29-9BE3-8E352F387D17}"
EndProject
Project("{FAE04EC0-301F-11D3-BF4B-00C04F79EFBC}") = "Contract", "src\endpoint\Configuration.Export\Contract\Contract.csproj", "{6A353AEF-6236-BD9D-B1CF-7DC83AC55001}"
EndProject
Project("{FAE04EC0-301F-11D3-BF4B-00C04F79EFBC}") = "Endpoint", "src\endpoint\Configuration.Export\Endpoint\Endpoint.csproj", "{AAEFF545-6C7B-4A01-9F71-A1B6A90D7F57}"
EndProject
Project("{2150E333-8FDC-42A3-9474-1A3956D46DE8}") = "Organization.GetList", "Organization.GetList", "{36556C83-A252-ED1A-CFFA-7FAC506EB296}"
EndProject
Project("{FAE04EC0-301F-11D3-BF4B-00C04F79EFBC}") = "Contract", "src\endpoint\Organization.GetList\Contract\Contract.csproj", "{2F1EEE70-A2C0-401D-B5F5-FA60FADAB4A8}"
EndProject
Project("{FAE04EC0-301F-11D3-BF4B-00C04F79EFBC}") = "Endpoint", "src\endpoint\Organization.GetList\Endpoint\Endpoint.csproj", "{907B4268-D4A4-44F1-AF18-3AA8B3D5C3DF}"
EndProject
Project("{2150E333-8FDC-42A3-9474-1A3956D46DE8}") = "service", "service", "{226567F5-DD15-7888-5BF1-C4407778305A}"
EndProject
Project("{2150E333-8FDC-42A3-9474-1A3956D46DE8}") = "Tracker", "Tracker", "{CD3EC634-7C31-E3CC-BD14-E8F4A95AB315}"
EndProject
Project("{FAE04EC0-301F-11D3-BF4B-00C04F79EFBC}") = "Contract", "src\service\Tracker\Contract\Contract.csproj", "{A4F4D227-816C-4965-8B87-75F482CB87CB}"
EndProject
Project("{FAE04EC0-301F-11D3-BF4B-00C04F79EFBC}") = "Api", "src\service\Tracker\Api\Api.csproj", "{F63429FE-D83B-48D1-B363-F6AB27B9F052}"
EndProject
Project("{2150E333-8FDC-42A3-9474-1A3956D46DE8}") = "app", "app", "{F95F473B-E98A-ACD6-1986-755F447BE36F}"
EndProject
Project("{FAE04EC0-301F-11D3-BF4B-00C04F79EFBC}") = "Application", "src\app\Application\Application.csproj", "{55474CD3-71BA-4BE4-AD1F-DEF1D86ACD98}"
EndProject
Project("{2150E333-8FDC-42A3-9474-1A3956D46DE8}") = "Queue.GetList", "Queue.GetList", "{13DC10A3-DE77-4750-AF45-2492274210CF}"
EndProject
Project("{FAE04EC0-301F-11D3-BF4B-00C04F79EFBC}") = "Contract", "src\endpoint\Queue.GetList\Contract\Contract.csproj", "{CA1A8354-DEC6-4F5E-810B-0B671C809CE0}"
EndProject
Project("{FAE04EC0-301F-11D3-BF4B-00C04F79EFBC}") = "Endpoint", "src\endpoint\Queue.GetList\Endpoint\Endpoint.csproj", "{5C2BBA1E-63A0-4FE8-BBD3-D40CB8795B8C}"
EndProject
Project("{2150E333-8FDC-42A3-9474-1A3956D46DE8}") = "Configuration.Import", "Configuration.Import", "{D342B4BB-E8EB-4A57-AB06-84D6B5DA15A0}"
EndProject
Project("{FAE04EC0-301F-11D3-BF4B-00C04F79EFBC}") = "Contract", "src\endpoint\Configuration.Import\Contract\Contract.csproj", "{4D061482-D85C-45BA-933F-CD5A685F6441}"
EndProject
Project("{FAE04EC0-301F-11D3-BF4B-00C04F79EFBC}") = "Endpoint", "src\endpoint\Configuration.Import\Endpoint\Endpoint.csproj", "{9FD1A473-BAFD-40EB-8ADA-36B791285C79}"
EndProject
Global
	GlobalSection(SolutionConfigurationPlatforms) = preSolution
		Debug|Any CPU = Debug|Any CPU
		Debug|x64 = Debug|x64
		Debug|x86 = Debug|x86
		Release|Any CPU = Release|Any CPU
		Release|x64 = Release|x64
		Release|x86 = Release|x86
	EndGlobalSection
	GlobalSection(ProjectConfigurationPlatforms) = postSolution
		{6A353AEF-6236-BD9D-B1CF-7DC83AC55001}.Debug|Any CPU.ActiveCfg = Debug|Any CPU
		{6A353AEF-6236-BD9D-B1CF-7DC83AC55001}.Debug|Any CPU.Build.0 = Debug|Any CPU
		{6A353AEF-6236-BD9D-B1CF-7DC83AC55001}.Debug|x64.ActiveCfg = Debug|Any CPU
		{6A353AEF-6236-BD9D-B1CF-7DC83AC55001}.Debug|x64.Build.0 = Debug|Any CPU
		{6A353AEF-6236-BD9D-B1CF-7DC83AC55001}.Debug|x86.ActiveCfg = Debug|Any CPU
		{6A353AEF-6236-BD9D-B1CF-7DC83AC55001}.Debug|x86.Build.0 = Debug|Any CPU
		{6A353AEF-6236-BD9D-B1CF-7DC83AC55001}.Release|Any CPU.ActiveCfg = Release|Any CPU
		{6A353AEF-6236-BD9D-B1CF-7DC83AC55001}.Release|Any CPU.Build.0 = Release|Any CPU
		{6A353AEF-6236-BD9D-B1CF-7DC83AC55001}.Release|x64.ActiveCfg = Release|Any CPU
		{6A353AEF-6236-BD9D-B1CF-7DC83AC55001}.Release|x64.Build.0 = Release|Any CPU
		{6A353AEF-6236-BD9D-B1CF-7DC83AC55001}.Release|x86.ActiveCfg = Release|Any CPU
		{6A353AEF-6236-BD9D-B1CF-7DC83AC55001}.Release|x86.Build.0 = Release|Any CPU
		{AAEFF545-6C7B-4A01-9F71-A1B6A90D7F57}.Debug|Any CPU.ActiveCfg = Debug|Any CPU
		{AAEFF545-6C7B-4A01-9F71-A1B6A90D7F57}.Debug|Any CPU.Build.0 = Debug|Any CPU
		{AAEFF545-6C7B-4A01-9F71-A1B6A90D7F57}.Debug|x64.ActiveCfg = Debug|Any CPU
		{AAEFF545-6C7B-4A01-9F71-A1B6A90D7F57}.Debug|x64.Build.0 = Debug|Any CPU
		{AAEFF545-6C7B-4A01-9F71-A1B6A90D7F57}.Debug|x86.ActiveCfg = Debug|Any CPU
		{AAEFF545-6C7B-4A01-9F71-A1B6A90D7F57}.Debug|x86.Build.0 = Debug|Any CPU
		{AAEFF545-6C7B-4A01-9F71-A1B6A90D7F57}.Release|Any CPU.ActiveCfg = Release|Any CPU
		{AAEFF545-6C7B-4A01-9F71-A1B6A90D7F57}.Release|Any CPU.Build.0 = Release|Any CPU
		{AAEFF545-6C7B-4A01-9F71-A1B6A90D7F57}.Release|x64.ActiveCfg = Release|Any CPU
		{AAEFF545-6C7B-4A01-9F71-A1B6A90D7F57}.Release|x64.Build.0 = Release|Any CPU
		{AAEFF545-6C7B-4A01-9F71-A1B6A90D7F57}.Release|x86.ActiveCfg = Release|Any CPU
		{AAEFF545-6C7B-4A01-9F71-A1B6A90D7F57}.Release|x86.Build.0 = Release|Any CPU
		{2F1EEE70-A2C0-401D-B5F5-FA60FADAB4A8}.Debug|Any CPU.ActiveCfg = Debug|Any CPU
		{2F1EEE70-A2C0-401D-B5F5-FA60FADAB4A8}.Debug|Any CPU.Build.0 = Debug|Any CPU
		{2F1EEE70-A2C0-401D-B5F5-FA60FADAB4A8}.Debug|x64.ActiveCfg = Debug|Any CPU
		{2F1EEE70-A2C0-401D-B5F5-FA60FADAB4A8}.Debug|x64.Build.0 = Debug|Any CPU
		{2F1EEE70-A2C0-401D-B5F5-FA60FADAB4A8}.Debug|x86.ActiveCfg = Debug|Any CPU
		{2F1EEE70-A2C0-401D-B5F5-FA60FADAB4A8}.Debug|x86.Build.0 = Debug|Any CPU
		{2F1EEE70-A2C0-401D-B5F5-FA60FADAB4A8}.Release|Any CPU.ActiveCfg = Release|Any CPU
		{2F1EEE70-A2C0-401D-B5F5-FA60FADAB4A8}.Release|Any CPU.Build.0 = Release|Any CPU
		{2F1EEE70-A2C0-401D-B5F5-FA60FADAB4A8}.Release|x64.ActiveCfg = Release|Any CPU
		{2F1EEE70-A2C0-401D-B5F5-FA60FADAB4A8}.Release|x64.Build.0 = Release|Any CPU
		{2F1EEE70-A2C0-401D-B5F5-FA60FADAB4A8}.Release|x86.ActiveCfg = Release|Any CPU
		{2F1EEE70-A2C0-401D-B5F5-FA60FADAB4A8}.Release|x86.Build.0 = Release|Any CPU
		{907B4268-D4A4-44F1-AF18-3AA8B3D5C3DF}.Debug|Any CPU.ActiveCfg = Debug|Any CPU
		{907B4268-D4A4-44F1-AF18-3AA8B3D5C3DF}.Debug|Any CPU.Build.0 = Debug|Any CPU
		{907B4268-D4A4-44F1-AF18-3AA8B3D5C3DF}.Debug|x64.ActiveCfg = Debug|Any CPU
		{907B4268-D4A4-44F1-AF18-3AA8B3D5C3DF}.Debug|x64.Build.0 = Debug|Any CPU
		{907B4268-D4A4-44F1-AF18-3AA8B3D5C3DF}.Debug|x86.ActiveCfg = Debug|Any CPU
		{907B4268-D4A4-44F1-AF18-3AA8B3D5C3DF}.Debug|x86.Build.0 = Debug|Any CPU
		{907B4268-D4A4-44F1-AF18-3AA8B3D5C3DF}.Release|Any CPU.ActiveCfg = Release|Any CPU
		{907B4268-D4A4-44F1-AF18-3AA8B3D5C3DF}.Release|Any CPU.Build.0 = Release|Any CPU
		{907B4268-D4A4-44F1-AF18-3AA8B3D5C3DF}.Release|x64.ActiveCfg = Release|Any CPU
		{907B4268-D4A4-44F1-AF18-3AA8B3D5C3DF}.Release|x64.Build.0 = Release|Any CPU
		{907B4268-D4A4-44F1-AF18-3AA8B3D5C3DF}.Release|x86.ActiveCfg = Release|Any CPU
		{907B4268-D4A4-44F1-AF18-3AA8B3D5C3DF}.Release|x86.Build.0 = Release|Any CPU
		{A4F4D227-816C-4965-8B87-75F482CB87CB}.Debug|Any CPU.ActiveCfg = Debug|Any CPU
		{A4F4D227-816C-4965-8B87-75F482CB87CB}.Debug|Any CPU.Build.0 = Debug|Any CPU
		{A4F4D227-816C-4965-8B87-75F482CB87CB}.Debug|x64.ActiveCfg = Debug|Any CPU
		{A4F4D227-816C-4965-8B87-75F482CB87CB}.Debug|x64.Build.0 = Debug|Any CPU
		{A4F4D227-816C-4965-8B87-75F482CB87CB}.Debug|x86.ActiveCfg = Debug|Any CPU
		{A4F4D227-816C-4965-8B87-75F482CB87CB}.Debug|x86.Build.0 = Debug|Any CPU
		{A4F4D227-816C-4965-8B87-75F482CB87CB}.Release|Any CPU.ActiveCfg = Release|Any CPU
		{A4F4D227-816C-4965-8B87-75F482CB87CB}.Release|Any CPU.Build.0 = Release|Any CPU
		{A4F4D227-816C-4965-8B87-75F482CB87CB}.Release|x64.ActiveCfg = Release|Any CPU
		{A4F4D227-816C-4965-8B87-75F482CB87CB}.Release|x64.Build.0 = Release|Any CPU
		{A4F4D227-816C-4965-8B87-75F482CB87CB}.Release|x86.ActiveCfg = Release|Any CPU
		{A4F4D227-816C-4965-8B87-75F482CB87CB}.Release|x86.Build.0 = Release|Any CPU
		{F63429FE-D83B-48D1-B363-F6AB27B9F052}.Debug|Any CPU.ActiveCfg = Debug|Any CPU
		{F63429FE-D83B-48D1-B363-F6AB27B9F052}.Debug|Any CPU.Build.0 = Debug|Any CPU
		{F63429FE-D83B-48D1-B363-F6AB27B9F052}.Debug|x64.ActiveCfg = Debug|Any CPU
		{F63429FE-D83B-48D1-B363-F6AB27B9F052}.Debug|x64.Build.0 = Debug|Any CPU
		{F63429FE-D83B-48D1-B363-F6AB27B9F052}.Debug|x86.ActiveCfg = Debug|Any CPU
		{F63429FE-D83B-48D1-B363-F6AB27B9F052}.Debug|x86.Build.0 = Debug|Any CPU
		{F63429FE-D83B-48D1-B363-F6AB27B9F052}.Release|Any CPU.ActiveCfg = Release|Any CPU
		{F63429FE-D83B-48D1-B363-F6AB27B9F052}.Release|Any CPU.Build.0 = Release|Any CPU
		{F63429FE-D83B-48D1-B363-F6AB27B9F052}.Release|x64.ActiveCfg = Release|Any CPU
		{F63429FE-D83B-48D1-B363-F6AB27B9F052}.Release|x64.Build.0 = Release|Any CPU
		{F63429FE-D83B-48D1-B363-F6AB27B9F052}.Release|x86.ActiveCfg = Release|Any CPU
		{F63429FE-D83B-48D1-B363-F6AB27B9F052}.Release|x86.Build.0 = Release|Any CPU
		{55474CD3-71BA-4BE4-AD1F-DEF1D86ACD98}.Debug|Any CPU.ActiveCfg = Debug|Any CPU
		{55474CD3-71BA-4BE4-AD1F-DEF1D86ACD98}.Debug|Any CPU.Build.0 = Debug|Any CPU
		{55474CD3-71BA-4BE4-AD1F-DEF1D86ACD98}.Debug|x64.ActiveCfg = Debug|Any CPU
		{55474CD3-71BA-4BE4-AD1F-DEF1D86ACD98}.Debug|x64.Build.0 = Debug|Any CPU
		{55474CD3-71BA-4BE4-AD1F-DEF1D86ACD98}.Debug|x86.ActiveCfg = Debug|Any CPU
		{55474CD3-71BA-4BE4-AD1F-DEF1D86ACD98}.Debug|x86.Build.0 = Debug|Any CPU
		{55474CD3-71BA-4BE4-AD1F-DEF1D86ACD98}.Release|Any CPU.ActiveCfg = Release|Any CPU
		{55474CD3-71BA-4BE4-AD1F-DEF1D86ACD98}.Release|Any CPU.Build.0 = Release|Any CPU
		{55474CD3-71BA-4BE4-AD1F-DEF1D86ACD98}.Release|x64.ActiveCfg = Release|Any CPU
		{55474CD3-71BA-4BE4-AD1F-DEF1D86ACD98}.Release|x64.Build.0 = Release|Any CPU
		{55474CD3-71BA-4BE4-AD1F-DEF1D86ACD98}.Release|x86.ActiveCfg = Release|Any CPU
		{55474CD3-71BA-4BE4-AD1F-DEF1D86ACD98}.Release|x86.Build.0 = Release|Any CPU
		{CA1A8354-DEC6-4F5E-810B-0B671C809CE0}.Debug|Any CPU.ActiveCfg = Debug|Any CPU
		{CA1A8354-DEC6-4F5E-810B-0B671C809CE0}.Debug|Any CPU.Build.0 = Debug|Any CPU
		{CA1A8354-DEC6-4F5E-810B-0B671C809CE0}.Debug|x64.ActiveCfg = Debug|Any CPU
		{CA1A8354-DEC6-4F5E-810B-0B671C809CE0}.Debug|x64.Build.0 = Debug|Any CPU
		{CA1A8354-DEC6-4F5E-810B-0B671C809CE0}.Debug|x86.ActiveCfg = Debug|Any CPU
		{CA1A8354-DEC6-4F5E-810B-0B671C809CE0}.Debug|x86.Build.0 = Debug|Any CPU
		{CA1A8354-DEC6-4F5E-810B-0B671C809CE0}.Release|Any CPU.ActiveCfg = Release|Any CPU
		{CA1A8354-DEC6-4F5E-810B-0B671C809CE0}.Release|Any CPU.Build.0 = Release|Any CPU
		{CA1A8354-DEC6-4F5E-810B-0B671C809CE0}.Release|x64.ActiveCfg = Release|Any CPU
		{CA1A8354-DEC6-4F5E-810B-0B671C809CE0}.Release|x64.Build.0 = Release|Any CPU
		{CA1A8354-DEC6-4F5E-810B-0B671C809CE0}.Release|x86.ActiveCfg = Release|Any CPU
		{CA1A8354-DEC6-4F5E-810B-0B671C809CE0}.Release|x86.Build.0 = Release|Any CPU
		{5C2BBA1E-63A0-4FE8-BBD3-D40CB8795B8C}.Debug|Any CPU.ActiveCfg = Debug|Any CPU
		{5C2BBA1E-63A0-4FE8-BBD3-D40CB8795B8C}.Debug|Any CPU.Build.0 = Debug|Any CPU
		{5C2BBA1E-63A0-4FE8-BBD3-D40CB8795B8C}.Debug|x64.ActiveCfg = Debug|Any CPU
		{5C2BBA1E-63A0-4FE8-BBD3-D40CB8795B8C}.Debug|x64.Build.0 = Debug|Any CPU
		{5C2BBA1E-63A0-4FE8-BBD3-D40CB8795B8C}.Debug|x86.ActiveCfg = Debug|Any CPU
		{5C2BBA1E-63A0-4FE8-BBD3-D40CB8795B8C}.Debug|x86.Build.0 = Debug|Any CPU
		{5C2BBA1E-63A0-4FE8-BBD3-D40CB8795B8C}.Release|Any CPU.ActiveCfg = Release|Any CPU
		{5C2BBA1E-63A0-4FE8-BBD3-D40CB8795B8C}.Release|Any CPU.Build.0 = Release|Any CPU
		{5C2BBA1E-63A0-4FE8-BBD3-D40CB8795B8C}.Release|x64.ActiveCfg = Release|Any CPU
		{5C2BBA1E-63A0-4FE8-BBD3-D40CB8795B8C}.Release|x64.Build.0 = Release|Any CPU
		{5C2BBA1E-63A0-4FE8-BBD3-D40CB8795B8C}.Release|x86.ActiveCfg = Release|Any CPU
		{5C2BBA1E-63A0-4FE8-BBD3-D40CB8795B8C}.Release|x86.Build.0 = Release|Any CPU
		{4D061482-D85C-45BA-933F-CD5A685F6441}.Debug|Any CPU.ActiveCfg = Debug|Any CPU
		{4D061482-D85C-45BA-933F-CD5A685F6441}.Debug|Any CPU.Build.0 = Debug|Any CPU
		{4D061482-D85C-45BA-933F-CD5A685F6441}.Debug|x64.ActiveCfg = Debug|Any CPU
		{4D061482-D85C-45BA-933F-CD5A685F6441}.Debug|x64.Build.0 = Debug|Any CPU
		{4D061482-D85C-45BA-933F-CD5A685F6441}.Debug|x86.ActiveCfg = Debug|Any CPU
		{4D061482-D85C-45BA-933F-CD5A685F6441}.Debug|x86.Build.0 = Debug|Any CPU
		{4D061482-D85C-45BA-933F-CD5A685F6441}.Release|Any CPU.ActiveCfg = Release|Any CPU
		{4D061482-D85C-45BA-933F-CD5A685F6441}.Release|Any CPU.Build.0 = Release|Any CPU
		{4D061482-D85C-45BA-933F-CD5A685F6441}.Release|x64.ActiveCfg = Release|Any CPU
		{4D061482-D85C-45BA-933F-CD5A685F6441}.Release|x64.Build.0 = Release|Any CPU
		{4D061482-D85C-45BA-933F-CD5A685F6441}.Release|x86.ActiveCfg = Release|Any CPU
		{4D061482-D85C-45BA-933F-CD5A685F6441}.Release|x86.Build.0 = Release|Any CPU
		{9FD1A473-BAFD-40EB-8ADA-36B791285C79}.Debug|Any CPU.ActiveCfg = Debug|Any CPU
		{9FD1A473-BAFD-40EB-8ADA-36B791285C79}.Debug|Any CPU.Build.0 = Debug|Any CPU
		{9FD1A473-BAFD-40EB-8ADA-36B791285C79}.Debug|x64.ActiveCfg = Debug|Any CPU
		{9FD1A473-BAFD-40EB-8ADA-36B791285C79}.Debug|x64.Build.0 = Debug|Any CPU
		{9FD1A473-BAFD-40EB-8ADA-36B791285C79}.Debug|x86.ActiveCfg = Debug|Any CPU
		{9FD1A473-BAFD-40EB-8ADA-36B791285C79}.Debug|x86.Build.0 = Debug|Any CPU
		{9FD1A473-BAFD-40EB-8ADA-36B791285C79}.Release|Any CPU.ActiveCfg = Release|Any CPU
		{9FD1A473-BAFD-40EB-8ADA-36B791285C79}.Release|Any CPU.Build.0 = Release|Any CPU
		{9FD1A473-BAFD-40EB-8ADA-36B791285C79}.Release|x64.ActiveCfg = Release|Any CPU
		{9FD1A473-BAFD-40EB-8ADA-36B791285C79}.Release|x64.Build.0 = Release|Any CPU
		{9FD1A473-BAFD-40EB-8ADA-36B791285C79}.Release|x86.ActiveCfg = Release|Any CPU
		{9FD1A473-BAFD-40EB-8ADA-36B791285C79}.Release|x86.Build.0 = Release|Any CPU
	EndGlobalSection
	GlobalSection(SolutionProperties) = preSolution
		HideSolutionNode = FALSE
	EndGlobalSection
	GlobalSection(NestedProjects) = preSolution
		{3CF78F60-224F-FC29-9BE3-8E352F387D17} = {4261DAAD-FCC1-FBE7-6AFC-E6D0506F19E4}
		{6A353AEF-6236-BD9D-B1CF-7DC83AC55001} = {3CF78F60-224F-FC29-9BE3-8E352F387D17}
		{AAEFF545-6C7B-4A01-9F71-A1B6A90D7F57} = {3CF78F60-224F-FC29-9BE3-8E352F387D17}
		{36556C83-A252-ED1A-CFFA-7FAC506EB296} = {4261DAAD-FCC1-FBE7-6AFC-E6D0506F19E4}
		{2F1EEE70-A2C0-401D-B5F5-FA60FADAB4A8} = {36556C83-A252-ED1A-CFFA-7FAC506EB296}
		{907B4268-D4A4-44F1-AF18-3AA8B3D5C3DF} = {36556C83-A252-ED1A-CFFA-7FAC506EB296}
		{CD3EC634-7C31-E3CC-BD14-E8F4A95AB315} = {226567F5-DD15-7888-5BF1-C4407778305A}
		{A4F4D227-816C-4965-8B87-75F482CB87CB} = {CD3EC634-7C31-E3CC-BD14-E8F4A95AB315}
		{F63429FE-D83B-48D1-B363-F6AB27B9F052} = {CD3EC634-7C31-E3CC-BD14-E8F4A95AB315}
		{55474CD3-71BA-4BE4-AD1F-DEF1D86ACD98} = {F95F473B-E98A-ACD6-1986-755F447BE36F}
		{13DC10A3-DE77-4750-AF45-2492274210CF} = {4261DAAD-FCC1-FBE7-6AFC-E6D0506F19E4}
		{CA1A8354-DEC6-4F5E-810B-0B671C809CE0} = {13DC10A3-DE77-4750-AF45-2492274210CF}
		{5C2BBA1E-63A0-4FE8-BBD3-D40CB8795B8C} = {13DC10A3-DE77-4750-AF45-2492274210CF}
		{D342B4BB-E8EB-4A57-AB06-84D6B5DA15A0} = {4261DAAD-FCC1-FBE7-6AFC-E6D0506F19E4}
		{4D061482-D85C-45BA-933F-CD5A685F6441} = {D342B4BB-E8EB-4A57-AB06-84D6B5DA15A0}
		{9FD1A473-BAFD-40EB-8ADA-36B791285C79} = {D342B4BB-E8EB-4A57-AB06-84D6B5DA15A0}
	EndGlobalSection
	GlobalSection(ExtensibilityGlobals) = postSolution
		SolutionGuid = {2F287E0B-12C5-46FA-A743-14D5B8894055}
	EndGlobalSection
EndGlobal
